// !$*UTF8*$!
{
	archiveVersion = 1;
	classes = {
	};
	objectVersion = 56;
	objects = {

/* Begin PBXBuildFile section */
		C31744722B964E1800BFA921 /* DetailViewModel.swift in Sources */ = {isa = PBXBuildFile; fileRef = C31744712B964E1800BFA921 /* DetailViewModel.swift */; };
		C31744742B96542D00BFA921 /* CharacterViewController+CollectionView.swift in Sources */ = {isa = PBXBuildFile; fileRef = C31744732B96542D00BFA921 /* CharacterViewController+CollectionView.swift */; };
		C319E3492B9068F100BD73E3 /* NetworkManager.swift in Sources */ = {isa = PBXBuildFile; fileRef = C319E3482B9068F100BD73E3 /* NetworkManager.swift */; };
		C319E34B2B9068FA00BD73E3 /* NetworkHelper.swift in Sources */ = {isa = PBXBuildFile; fileRef = C319E34A2B9068FA00BD73E3 /* NetworkHelper.swift */; };
		C319E34D2B90692300BD73E3 /* CharacterViewModel.swift in Sources */ = {isa = PBXBuildFile; fileRef = C319E34C2B90692300BD73E3 /* CharacterViewModel.swift */; };
		C319E3502B906A2200BD73E3 /* Alamofire in Frameworks */ = {isa = PBXBuildFile; productRef = C319E34F2B906A2200BD73E3 /* Alamofire */; };
		C319E3532B906A3300BD73E3 /* Kingfisher in Frameworks */ = {isa = PBXBuildFile; productRef = C319E3522B906A3300BD73E3 /* Kingfisher */; };
		C319E3552B906C7900BD73E3 /* Character.swift in Sources */ = {isa = PBXBuildFile; fileRef = C319E3542B906C7900BD73E3 /* Character.swift */; };
		C319E35E2B90DA3500BD73E3 /* CharacterCollectionView.swift in Sources */ = {isa = PBXBuildFile; fileRef = C319E35D2B90DA3500BD73E3 /* CharacterCollectionView.swift */; };
		C3F8EDCA2B8FCB8400F296F2 /* AppDelegate.swift in Sources */ = {isa = PBXBuildFile; fileRef = C3F8EDC92B8FCB8400F296F2 /* AppDelegate.swift */; };
		C3F8EDCC2B8FCB8400F296F2 /* SceneDelegate.swift in Sources */ = {isa = PBXBuildFile; fileRef = C3F8EDCB2B8FCB8400F296F2 /* SceneDelegate.swift */; };
		C3F8EDCE2B8FCB8400F296F2 /* CharacterViewController.swift in Sources */ = {isa = PBXBuildFile; fileRef = C3F8EDCD2B8FCB8400F296F2 /* CharacterViewController.swift */; };
		C3F8EDD12B8FCB8400F296F2 /* Main.storyboard in Resources */ = {isa = PBXBuildFile; fileRef = C3F8EDCF2B8FCB8400F296F2 /* Main.storyboard */; };
		C3F8EDD32B8FCB8500F296F2 /* Assets.xcassets in Resources */ = {isa = PBXBuildFile; fileRef = C3F8EDD22B8FCB8500F296F2 /* Assets.xcassets */; };
		C3F8EDD62B8FCB8500F296F2 /* LaunchScreen.storyboard in Resources */ = {isa = PBXBuildFile; fileRef = C3F8EDD42B8FCB8500F296F2 /* LaunchScreen.storyboard */; };
		C3FF48E22B934DDF008472F9 /* CharacterCollectionViewCell.swift in Sources */ = {isa = PBXBuildFile; fileRef = C3FF48E02B934DDF008472F9 /* CharacterCollectionViewCell.swift */; };
		C3FF48E32B934DDF008472F9 /* CharacterCollectionViewCell.xib in Resources */ = {isa = PBXBuildFile; fileRef = C3FF48E12B934DDF008472F9 /* CharacterCollectionViewCell.xib */; };
		C3FF48E52B935CAD008472F9 /* DetailViewController.swift in Sources */ = {isa = PBXBuildFile; fileRef = C3FF48E42B935CAD008472F9 /* DetailViewController.swift */; };
/* End PBXBuildFile section */

/* Begin PBXFileReference section */
		C31744712B964E1800BFA921 /* DetailViewModel.swift */ = {isa = PBXFileReference; lastKnownFileType = sourcecode.swift; path = DetailViewModel.swift; sourceTree = "<group>"; };
		C31744732B96542D00BFA921 /* CharacterViewController+CollectionView.swift */ = {isa = PBXFileReference; lastKnownFileType = sourcecode.swift; path = "CharacterViewController+CollectionView.swift"; sourceTree = "<group>"; };
		C319E3482B9068F100BD73E3 /* NetworkManager.swift */ = {isa = PBXFileReference; lastKnownFileType = sourcecode.swift; path = NetworkManager.swift; sourceTree = "<group>"; };
		C319E34A2B9068FA00BD73E3 /* NetworkHelper.swift */ = {isa = PBXFileReference; lastKnownFileType = sourcecode.swift; path = NetworkHelper.swift; sourceTree = "<group>"; };
		C319E34C2B90692300BD73E3 /* CharacterViewModel.swift */ = {isa = PBXFileReference; lastKnownFileType = sourcecode.swift; path = CharacterViewModel.swift; sourceTree = "<group>"; };
		C319E3542B906C7900BD73E3 /* Character.swift */ = {isa = PBXFileReference; lastKnownFileType = sourcecode.swift; path = Character.swift; sourceTree = "<group>"; };
		C319E35D2B90DA3500BD73E3 /* CharacterCollectionView.swift */ = {isa = PBXFileReference; lastKnownFileType = sourcecode.swift; path = CharacterCollectionView.swift; sourceTree = "<group>"; };
		C3F8EDC62B8FCB8400F296F2 /* RickandMortyApp-MVVM.app */ = {isa = PBXFileReference; explicitFileType = wrapper.application; includeInIndex = 0; path = "RickandMortyApp-MVVM.app"; sourceTree = BUILT_PRODUCTS_DIR; };
		C3F8EDC92B8FCB8400F296F2 /* AppDelegate.swift */ = {isa = PBXFileReference; lastKnownFileType = sourcecode.swift; path = AppDelegate.swift; sourceTree = "<group>"; };
		C3F8EDCB2B8FCB8400F296F2 /* SceneDelegate.swift */ = {isa = PBXFileReference; lastKnownFileType = sourcecode.swift; path = SceneDelegate.swift; sourceTree = "<group>"; };
		C3F8EDCD2B8FCB8400F296F2 /* CharacterViewController.swift */ = {isa = PBXFileReference; lastKnownFileType = sourcecode.swift; path = CharacterViewController.swift; sourceTree = "<group>"; };
		C3F8EDD02B8FCB8400F296F2 /* Base */ = {isa = PBXFileReference; lastKnownFileType = file.storyboard; name = Base; path = Base.lproj/Main.storyboard; sourceTree = "<group>"; };
		C3F8EDD22B8FCB8500F296F2 /* Assets.xcassets */ = {isa = PBXFileReference; lastKnownFileType = folder.assetcatalog; path = Assets.xcassets; sourceTree = "<group>"; };
		C3F8EDD52B8FCB8500F296F2 /* Base */ = {isa = PBXFileReference; lastKnownFileType = file.storyboard; name = Base; path = Base.lproj/LaunchScreen.storyboard; sourceTree = "<group>"; };
		C3F8EDD72B8FCB8500F296F2 /* Info.plist */ = {isa = PBXFileReference; lastKnownFileType = text.plist.xml; path = Info.plist; sourceTree = "<group>"; };
		C3FF48E02B934DDF008472F9 /* CharacterCollectionViewCell.swift */ = {isa = PBXFileReference; lastKnownFileType = sourcecode.swift; path = CharacterCollectionViewCell.swift; sourceTree = "<group>"; };
		C3FF48E12B934DDF008472F9 /* CharacterCollectionViewCell.xib */ = {isa = PBXFileReference; lastKnownFileType = file.xib; path = CharacterCollectionViewCell.xib; sourceTree = "<group>"; };
		C3FF48E42B935CAD008472F9 /* DetailViewController.swift */ = {isa = PBXFileReference; lastKnownFileType = sourcecode.swift; path = DetailViewController.swift; sourceTree = "<group>"; };
/* End PBXFileReference section */

/* Begin PBXFrameworksBuildPhase section */
		C3F8EDC32B8FCB8400F296F2 /* Frameworks */ = {
			isa = PBXFrameworksBuildPhase;
			buildActionMask = 2147483647;
			files = (
				C319E3532B906A3300BD73E3 /* Kingfisher in Frameworks */,
				C319E3502B906A2200BD73E3 /* Alamofire in Frameworks */,
			);
			runOnlyForDeploymentPostprocessing = 0;
		};
/* End PBXFrameworksBuildPhase section */

/* Begin PBXGroup section */
		C319E35C2B90D6A400BD73E3 /* SubView */ = {
			isa = PBXGroup;
			children = (
				C319E35D2B90DA3500BD73E3 /* CharacterCollectionView.swift */,
				C3FF48E02B934DDF008472F9 /* CharacterCollectionViewCell.swift */,
				C3FF48E12B934DDF008472F9 /* CharacterCollectionViewCell.xib */,
			);
			path = SubView;
			sourceTree = "<group>";
		};
		C3F8EDBD2B8FCB8400F296F2 = {
			isa = PBXGroup;
			children = (
				C3F8EDC82B8FCB8400F296F2 /* RickandMortyApp-MVVM */,
				C3F8EDC72B8FCB8400F296F2 /* Products */,
			);
			sourceTree = "<group>";
		};
		C3F8EDC72B8FCB8400F296F2 /* Products */ = {
			isa = PBXGroup;
			children = (
				C3F8EDC62B8FCB8400F296F2 /* RickandMortyApp-MVVM.app */,
			);
			name = Products;
			sourceTree = "<group>";
		};
		C3F8EDC82B8FCB8400F296F2 /* RickandMortyApp-MVVM */ = {
			isa = PBXGroup;
			children = (
				C3F8EDDD2B8FCB8B00F296F2 /* Core */,
				C3F8EDDE2B8FCB9000F296F2 /* Features */,
				C3F8EDCF2B8FCB8400F296F2 /* Main.storyboard */,
				C3F8EDD42B8FCB8500F296F2 /* LaunchScreen.storyboard */,
				C3F8EDD72B8FCB8500F296F2 /* Info.plist */,
			);
			path = "RickandMortyApp-MVVM";
			sourceTree = "<group>";
		};
		C3F8EDDD2B8FCB8B00F296F2 /* Core */ = {
			isa = PBXGroup;
			children = (
				C3F8EDC92B8FCB8400F296F2 /* AppDelegate.swift */,
				C3F8EDCB2B8FCB8400F296F2 /* SceneDelegate.swift */,
				C3F8EDD22B8FCB8500F296F2 /* Assets.xcassets */,
			);
			path = Core;
			sourceTree = "<group>";
		};
		C3F8EDDE2B8FCB9000F296F2 /* Features */ = {
			isa = PBXGroup;
			children = (
				C3F8EDE22B8FCBA500F296F2 /* NetworkLayer */,
				C3F8EDE12B8FCB9F00F296F2 /* ViewModel */,
				C3F8EDE02B8FCB9B00F296F2 /* View */,
				C3F8EDDF2B8FCB9500F296F2 /* Model */,
			);
			path = Features;
			sourceTree = "<group>";
		};
		C3F8EDDF2B8FCB9500F296F2 /* Model */ = {
			isa = PBXGroup;
			children = (
				C319E3542B906C7900BD73E3 /* Character.swift */,
			);
			path = Model;
			sourceTree = "<group>";
		};
		C3F8EDE02B8FCB9B00F296F2 /* View */ = {
			isa = PBXGroup;
			children = (
				C319E35C2B90D6A400BD73E3 /* SubView */,
				C3F8EDCD2B8FCB8400F296F2 /* CharacterViewController.swift */,
				C3FF48E42B935CAD008472F9 /* DetailViewController.swift */,
				C31744732B96542D00BFA921 /* CharacterViewController+CollectionView.swift */,
			);
			path = View;
			sourceTree = "<group>";
		};
		C3F8EDE12B8FCB9F00F296F2 /* ViewModel */ = {
			isa = PBXGroup;
			children = (
				C319E34C2B90692300BD73E3 /* CharacterViewModel.swift */,
				C31744712B964E1800BFA921 /* DetailViewModel.swift */,
			);
			path = ViewModel;
			sourceTree = "<group>";
		};
		C3F8EDE22B8FCBA500F296F2 /* NetworkLayer */ = {
			isa = PBXGroup;
			children = (
				C319E34A2B9068FA00BD73E3 /* NetworkHelper.swift */,
				C319E3482B9068F100BD73E3 /* NetworkManager.swift */,
			);
			path = NetworkLayer;
			sourceTree = "<group>";
		};
/* End PBXGroup section */

/* Begin PBXNativeTarget section */
		C3F8EDC52B8FCB8400F296F2 /* RickandMortyApp-MVVM */ = {
			isa = PBXNativeTarget;
			buildConfigurationList = C3F8EDDA2B8FCB8500F296F2 /* Build configuration list for PBXNativeTarget "RickandMortyApp-MVVM" */;
			buildPhases = (
				C3F8EDC22B8FCB8400F296F2 /* Sources */,
				C3F8EDC32B8FCB8400F296F2 /* Frameworks */,
				C3F8EDC42B8FCB8400F296F2 /* Resources */,
			);
			buildRules = (
			);
			dependencies = (
			);
			name = "RickandMortyApp-MVVM";
			packageProductDependencies = (
				C319E34F2B906A2200BD73E3 /* Alamofire */,
				C319E3522B906A3300BD73E3 /* Kingfisher */,
			);
			productName = "RickandMortyApp-MVVM";
			productReference = C3F8EDC62B8FCB8400F296F2 /* RickandMortyApp-MVVM.app */;
			productType = "com.apple.product-type.application";
		};
/* End PBXNativeTarget section */

/* Begin PBXProject section */
		C3F8EDBE2B8FCB8400F296F2 /* Project object */ = {
			isa = PBXProject;
			attributes = {
				BuildIndependentTargetsInParallel = 1;
				LastSwiftUpdateCheck = 1520;
				LastUpgradeCheck = 1520;
				TargetAttributes = {
					C3F8EDC52B8FCB8400F296F2 = {
						CreatedOnToolsVersion = 15.2;
					};
				};
			};
			buildConfigurationList = C3F8EDC12B8FCB8400F296F2 /* Build configuration list for PBXProject "RickandMortyApp-MVVM" */;
			compatibilityVersion = "Xcode 14.0";
			developmentRegion = en;
			hasScannedForEncodings = 0;
			knownRegions = (
				en,
				Base,
			);
			mainGroup = C3F8EDBD2B8FCB8400F296F2;
			packageReferences = (
				C319E34E2B906A2200BD73E3 /* XCRemoteSwiftPackageReference "Alamofire" */,
				C319E3512B906A3300BD73E3 /* XCRemoteSwiftPackageReference "Kingfisher" */,
			);
			productRefGroup = C3F8EDC72B8FCB8400F296F2 /* Products */;
			projectDirPath = "";
			projectRoot = "";
			targets = (
				C3F8EDC52B8FCB8400F296F2 /* RickandMortyApp-MVVM */,
			);
		};
/* End PBXProject section */

/* Begin PBXResourcesBuildPhase section */
		C3F8EDC42B8FCB8400F296F2 /* Resources */ = {
			isa = PBXResourcesBuildPhase;
			buildActionMask = 2147483647;
			files = (
				C3FF48E32B934DDF008472F9 /* CharacterCollectionViewCell.xib in Resources */,
				C3F8EDD62B8FCB8500F296F2 /* LaunchScreen.storyboard in Resources */,
				C3F8EDD32B8FCB8500F296F2 /* Assets.xcassets in Resources */,
				C3F8EDD12B8FCB8400F296F2 /* Main.storyboard in Resources */,
			);
			runOnlyForDeploymentPostprocessing = 0;
		};
/* End PBXResourcesBuildPhase section */

/* Begin PBXSourcesBuildPhase section */
		C3F8EDC22B8FCB8400F296F2 /* Sources */ = {
			isa = PBXSourcesBuildPhase;
			buildActionMask = 2147483647;
			files = (
				C319E34D2B90692300BD73E3 /* CharacterViewModel.swift in Sources */,
				C319E3492B9068F100BD73E3 /* NetworkManager.swift in Sources */,
				C319E35E2B90DA3500BD73E3 /* CharacterCollectionView.swift in Sources */,
				C3FF48E22B934DDF008472F9 /* CharacterCollectionViewCell.swift in Sources */,
				C319E3552B906C7900BD73E3 /* Character.swift in Sources */,
				C3F8EDCE2B8FCB8400F296F2 /* CharacterViewController.swift in Sources */,
				C319E34B2B9068FA00BD73E3 /* NetworkHelper.swift in Sources */,
				C3FF48E52B935CAD008472F9 /* DetailViewController.swift in Sources */,
				C3F8EDCA2B8FCB8400F296F2 /* AppDelegate.swift in Sources */,
				C31744742B96542D00BFA921 /* CharacterViewController+CollectionView.swift in Sources */,
				C31744722B964E1800BFA921 /* DetailViewModel.swift in Sources */,
				C3F8EDCC2B8FCB8400F296F2 /* SceneDelegate.swift in Sources */,
			);
			runOnlyForDeploymentPostprocessing = 0;
		};
/* End PBXSourcesBuildPhase section */

/* Begin PBXVariantGroup section */
		C3F8EDCF2B8FCB8400F296F2 /* Main.storyboard */ = {
			isa = PBXVariantGroup;
			children = (
				C3F8EDD02B8FCB8400F296F2 /* Base */,
			);
			name = Main.storyboard;
			sourceTree = "<group>";
		};
		C3F8EDD42B8FCB8500F296F2 /* LaunchScreen.storyboard */ = {
			isa = PBXVariantGroup;
			children = (
				C3F8EDD52B8FCB8500F296F2 /* Base */,
			);
			name = LaunchScreen.storyboard;
			sourceTree = "<group>";
		};
/* End PBXVariantGroup section */

/* Begin XCBuildConfiguration section */
		C3F8EDD82B8FCB8500F296F2 /* Debug */ = {
			isa = XCBuildConfiguration;
			buildSettings = {
				ALWAYS_SEARCH_USER_PATHS = NO;
				ASSETCATALOG_COMPILER_GENERATE_SWIFT_ASSET_SYMBOL_EXTENSIONS = YES;
				CLANG_ANALYZER_NONNULL = YES;
				CLANG_ANALYZER_NUMBER_OBJECT_CONVERSION = YES_AGGRESSIVE;
				CLANG_CXX_LANGUAGE_STANDARD = "gnu++20";
				CLANG_ENABLE_MODULES = YES;
				CLANG_ENABLE_OBJC_ARC = YES;
				CLANG_ENABLE_OBJC_WEAK = YES;
				CLANG_WARN_BLOCK_CAPTURE_AUTORELEASING = YES;
				CLANG_WARN_BOOL_CONVERSION = YES;
				CLANG_WARN_COMMA = YES;
				CLANG_WARN_CONSTANT_CONVERSION = YES;
				CLANG_WARN_DEPRECATED_OBJC_IMPLEMENTATIONS = YES;
				CLANG_WARN_DIRECT_OBJC_ISA_USAGE = YES_ERROR;
				CLANG_WARN_DOCUMENTATION_COMMENTS = YES;
				CLANG_WARN_EMPTY_BODY = YES;
				CLANG_WARN_ENUM_CONVERSION = YES;
				CLANG_WARN_INFINITE_RECURSION = YES;
				CLANG_WARN_INT_CONVERSION = YES;
				CLANG_WARN_NON_LITERAL_NULL_CONVERSION = YES;
				CLANG_WARN_OBJC_IMPLICIT_RETAIN_SELF = YES;
				CLANG_WARN_OBJC_LITERAL_CONVERSION = YES;
				CLANG_WARN_OBJC_ROOT_CLASS = YES_ERROR;
				CLANG_WARN_QUOTED_INCLUDE_IN_FRAMEWORK_HEADER = YES;
				CLANG_WARN_RANGE_LOOP_ANALYSIS = YES;
				CLANG_WARN_STRICT_PROTOTYPES = YES;
				CLANG_WARN_SUSPICIOUS_MOVE = YES;
				CLANG_WARN_UNGUARDED_AVAILABILITY = YES_AGGRESSIVE;
				CLANG_WARN_UNREACHABLE_CODE = YES;
				CLANG_WARN__DUPLICATE_METHOD_MATCH = YES;
				COPY_PHASE_STRIP = NO;
				DEBUG_INFORMATION_FORMAT = dwarf;
				ENABLE_STRICT_OBJC_MSGSEND = YES;
				ENABLE_TESTABILITY = YES;
				ENABLE_USER_SCRIPT_SANDBOXING = YES;
				GCC_C_LANGUAGE_STANDARD = gnu17;
				GCC_DYNAMIC_NO_PIC = NO;
				GCC_NO_COMMON_BLOCKS = YES;
				GCC_OPTIMIZATION_LEVEL = 0;
				GCC_PREPROCESSOR_DEFINITIONS = (
					"DEBUG=1",
					"$(inherited)",
				);
				GCC_WARN_64_TO_32_BIT_CONVERSION = YES;
				GCC_WARN_ABOUT_RETURN_TYPE = YES_ERROR;
				GCC_WARN_UNDECLARED_SELECTOR = YES;
				GCC_WARN_UNINITIALIZED_AUTOS = YES_AGGRESSIVE;
				GCC_WARN_UNUSED_FUNCTION = YES;
				GCC_WARN_UNUSED_VARIABLE = YES;
				IPHONEOS_DEPLOYMENT_TARGET = 17.2;
				LOCALIZATION_PREFERS_STRING_CATALOGS = YES;
				MTL_ENABLE_DEBUG_INFO = INCLUDE_SOURCE;
				MTL_FAST_MATH = YES;
				ONLY_ACTIVE_ARCH = YES;
				SDKROOT = iphoneos;
				SWIFT_ACTIVE_COMPILATION_CONDITIONS = "DEBUG $(inherited)";
				SWIFT_OPTIMIZATION_LEVEL = "-Onone";
			};
			name = Debug;
		};
		C3F8EDD92B8FCB8500F296F2 /* Release */ = {
			isa = XCBuildConfiguration;
			buildSettings = {
				ALWAYS_SEARCH_USER_PATHS = NO;
				ASSETCATALOG_COMPILER_GENERATE_SWIFT_ASSET_SYMBOL_EXTENSIONS = YES;
				CLANG_ANALYZER_NONNULL = YES;
				CLANG_ANALYZER_NUMBER_OBJECT_CONVERSION = YES_AGGRESSIVE;
				CLANG_CXX_LANGUAGE_STANDARD = "gnu++20";
				CLANG_ENABLE_MODULES = YES;
				CLANG_ENABLE_OBJC_ARC = YES;
				CLANG_ENABLE_OBJC_WEAK = YES;
				CLANG_WARN_BLOCK_CAPTURE_AUTORELEASING = YES;
				CLANG_WARN_BOOL_CONVERSION = YES;
				CLANG_WARN_COMMA = YES;
				CLANG_WARN_CONSTANT_CONVERSION = YES;
				CLANG_WARN_DEPRECATED_OBJC_IMPLEMENTATIONS = YES;
				CLANG_WARN_DIRECT_OBJC_ISA_USAGE = YES_ERROR;
				CLANG_WARN_DOCUMENTATION_COMMENTS = YES;
				CLANG_WARN_EMPTY_BODY = YES;
				CLANG_WARN_ENUM_CONVERSION = YES;
				CLANG_WARN_INFINITE_RECURSION = YES;
				CLANG_WARN_INT_CONVERSION = YES;
				CLANG_WARN_NON_LITERAL_NULL_CONVERSION = YES;
				CLANG_WARN_OBJC_IMPLICIT_RETAIN_SELF = YES;
				CLANG_WARN_OBJC_LITERAL_CONVERSION = YES;
				CLANG_WARN_OBJC_ROOT_CLASS = YES_ERROR;
				CLANG_WARN_QUOTED_INCLUDE_IN_FRAMEWORK_HEADER = YES;
				CLANG_WARN_RANGE_LOOP_ANALYSIS = YES;
				CLANG_WARN_STRICT_PROTOTYPES = YES;
				CLANG_WARN_SUSPICIOUS_MOVE = YES;
				CLANG_WARN_UNGUARDED_AVAILABILITY = YES_AGGRESSIVE;
				CLANG_WARN_UNREACHABLE_CODE = YES;
				CLANG_WARN__DUPLICATE_METHOD_MATCH = YES;
				COPY_PHASE_STRIP = NO;
				DEBUG_INFORMATION_FORMAT = "dwarf-with-dsym";
				ENABLE_NS_ASSERTIONS = NO;
				ENABLE_STRICT_OBJC_MSGSEND = YES;
				ENABLE_USER_SCRIPT_SANDBOXING = YES;
				GCC_C_LANGUAGE_STANDARD = gnu17;
				GCC_NO_COMMON_BLOCKS = YES;
				GCC_WARN_64_TO_32_BIT_CONVERSION = YES;
				GCC_WARN_ABOUT_RETURN_TYPE = YES_ERROR;
				GCC_WARN_UNDECLARED_SELECTOR = YES;
				GCC_WARN_UNINITIALIZED_AUTOS = YES_AGGRESSIVE;
				GCC_WARN_UNUSED_FUNCTION = YES;
				GCC_WARN_UNUSED_VARIABLE = YES;
				IPHONEOS_DEPLOYMENT_TARGET = 17.2;
				LOCALIZATION_PREFERS_STRING_CATALOGS = YES;
				MTL_ENABLE_DEBUG_INFO = NO;
				MTL_FAST_MATH = YES;
				SDKROOT = iphoneos;
				SWIFT_COMPILATION_MODE = wholemodule;
				VALIDATE_PRODUCT = YES;
			};
			name = Release;
		};
		C3F8EDDB2B8FCB8500F296F2 /* Debug */ = {
			isa = XCBuildConfiguration;
			buildSettings = {
				ASSETCATALOG_COMPILER_APPICON_NAME = AppIcon;
				ASSETCATALOG_COMPILER_GLOBAL_ACCENT_COLOR_NAME = AccentColor;
				CODE_SIGN_STYLE = Automatic;
				CURRENT_PROJECT_VERSION = 1;
				DEVELOPMENT_TEAM = US4P6S3B5V;
				GENERATE_INFOPLIST_FILE = YES;
				INFOPLIST_FILE = "RickandMortyApp-MVVM/Info.plist";
				INFOPLIST_KEY_UIApplicationSupportsIndirectInputEvents = YES;
				INFOPLIST_KEY_UILaunchStoryboardName = LaunchScreen;
				INFOPLIST_KEY_UIMainStoryboardFile = Main;
				INFOPLIST_KEY_UISupportedInterfaceOrientations_iPad = "UIInterfaceOrientationPortrait UIInterfaceOrientationPortraitUpsideDown UIInterfaceOrientationLandscapeLeft UIInterfaceOrientationLandscapeRight";
				INFOPLIST_KEY_UISupportedInterfaceOrientations_iPhone = "UIInterfaceOrientationPortrait UIInterfaceOrientationLandscapeLeft UIInterfaceOrientationLandscapeRight";
				LD_RUNPATH_SEARCH_PATHS = (
					"$(inherited)",
					"@executable_path/Frameworks",
				);
				MARKETING_VERSION = 1.0;
				PRODUCT_BUNDLE_IDENTIFIER = "com.emre.RickandMortyApp-MVVM";
				PRODUCT_NAME = "$(TARGET_NAME)";
				SWIFT_EMIT_LOC_STRINGS = YES;
				SWIFT_VERSION = 5.0;
				TARGETED_DEVICE_FAMILY = "1,2";
			};
			name = Debug;
		};
		C3F8EDDC2B8FCB8500F296F2 /* Release */ = {
			isa = XCBuildConfiguration;
			buildSettings = {
				ASSETCATALOG_COMPILER_APPICON_NAME = AppIcon;
				ASSETCATALOG_COMPILER_GLOBAL_ACCENT_COLOR_NAME = AccentColor;
				CODE_SIGN_STYLE = Automatic;
				CURRENT_PROJECT_VERSION = 1;
				DEVELOPMENT_TEAM = US4P6S3B5V;
				GENERATE_INFOPLIST_FILE = YES;
				INFOPLIST_FILE = "RickandMortyApp-MVVM/Info.plist";
				INFOPLIST_KEY_UIApplicationSupportsIndirectInputEvents = YES;
				INFOPLIST_KEY_UILaunchStoryboardName = LaunchScreen;
				INFOPLIST_KEY_UIMainStoryboardFile = Main;
				INFOPLIST_KEY_UISupportedInterfaceOrientations_iPad = "UIInterfaceOrientationPortrait UIInterfaceOrientationPortraitUpsideDown UIInterfaceOrientationLandscapeLeft UIInterfaceOrientationLandscapeRight";
				INFOPLIST_KEY_UISupportedInterfaceOrientations_iPhone = "UIInterfaceOrientationPortrait UIInterfaceOrientationLandscapeLeft UIInterfaceOrientationLandscapeRight";
				LD_RUNPATH_SEARCH_PATHS = (
					"$(inherited)",
					"@executable_path/Frameworks",
				);
				MARKETING_VERSION = 1.0;
				PRODUCT_BUNDLE_IDENTIFIER = "com.emre.RickandMortyApp-MVVM";
				PRODUCT_NAME = "$(TARGET_NAME)";
				SWIFT_EMIT_LOC_STRINGS = YES;
				SWIFT_VERSION = 5.0;
				TARGETED_DEVICE_FAMILY = "1,2";
			};
			name = Release;
		};
/* End XCBuildConfiguration section */

/* Begin XCConfigurationList section */
		C3F8EDC12B8FCB8400F296F2 /* Build configuration list for PBXProject "RickandMortyApp-MVVM" */ = {
			isa = XCConfigurationList;
			buildConfigurations = (
				C3F8EDD82B8FCB8500F296F2 /* Debug */,
				C3F8EDD92B8FCB8500F296F2 /* Release */,
			);
			defaultConfigurationIsVisible = 0;
			defaultConfigurationName = Release;
		};
		C3F8EDDA2B8FCB8500F296F2 /* Build configuration list for PBXNativeTarget "RickandMortyApp-MVVM" */ = {
			isa = XCConfigurationList;
			buildConfigurations = (
				C3F8EDDB2B8FCB8500F296F2 /* Debug */,
				C3F8EDDC2B8FCB8500F296F2 /* Release */,
			);
			defaultConfigurationIsVisible = 0;
			defaultConfigurationName = Release;
		};
/* End XCConfigurationList section */

/* Begin XCRemoteSwiftPackageReference section */
		C319E34E2B906A2200BD73E3 /* XCRemoteSwiftPackageReference "Alamofire" */ = {
			isa = XCRemoteSwiftPackageReference;
			repositoryURL = "https://github.com/Alamofire/Alamofire";
			requirement = {
				kind = upToNextMajorVersion;
				minimumVersion = 5.8.1;
			};
		};
		C319E3512B906A3300BD73E3 /* XCRemoteSwiftPackageReference "Kingfisher" */ = {
			isa = XCRemoteSwiftPackageReference;
			repositoryURL = "https://github.com/onevcat/Kingfisher";
			requirement = {
				kind = upToNextMajorVersion;
				minimumVersion = 7.11.0;
			};
		};
/* End XCRemoteSwiftPackageReference section */

/* Begin XCSwiftPackageProductDependency section */
		C319E34F2B906A2200BD73E3 /* Alamofire */ = {
			isa = XCSwiftPackageProductDependency;
			package = C319E34E2B906A2200BD73E3 /* XCRemoteSwiftPackageReference "Alamofire" */;
			productName = Alamofire;
		};
		C319E3522B906A3300BD73E3 /* Kingfisher */ = {
			isa = XCSwiftPackageProductDependency;
			package = C319E3512B906A3300BD73E3 /* XCRemoteSwiftPackageReference "Kingfisher" */;
			productName = Kingfisher;
		};
/* End XCSwiftPackageProductDependency section */
	};
	rootObject = C3F8EDBE2B8FCB8400F296F2 /* Project object */;
}
